
Microsoft Visual Studio Solution File, Format Version 12.00
# Visual Studio Version 17
VisualStudioVersion = 17.7.34202.233
MinimumVisualStudioVersion = 10.0.40219.1
Project("{FAE04EC0-301F-11D3-BF4B-00C04F79EFBC}") = "Access Modifiers", "Access Modifiers.csproj", "{BA5F0D10-0DC9-4648-B7D1-947DC3BC405C}"
EndProject
Global
	GlobalSection(SolutionConfigurationPlatforms) = preSolution
		Debug|Any CPU = Debug|Any CPU
		Release|Any CPU = Release|Any CPU
	EndGlobalSection
	GlobalSection(ProjectConfigurationPlatforms) = postSolution
		{BA5F0D10-0DC9-4648-B7D1-947DC3BC405C}.Debug|Any CPU.ActiveCfg = Debug|Any CPU
		{BA5F0D10-0DC9-4648-B7D1-947DC3BC405C}.Debug|Any CPU.Build.0 = Debug|Any CPU
		{BA5F0D10-0DC9-4648-B7D1-947DC3BC405C}.Release|Any CPU.ActiveCfg = Release|Any CPU
		{BA5F0D10-0DC9-4648-B7D1-947DC3BC405C}.Release|Any CPU.Build.0 = Release|Any CPU
	EndGlobalSection
	GlobalSection(SolutionProperties) = preSolution
		HideSolutionNode = FALSE
	EndGlobalSection
	GlobalSection(ExtensibilityGlobals) = postSolution
		SolutionGuid = {CB87C563-4C9B-4BC4-B258-30CD48A5FD64}
	EndGlobalSection
EndGlobal
